
Microsoft Visual Studio Solution File, Format Version 12.00
# Visual Studio Version 17
VisualStudioVersion = 17.4.33205.214
MinimumVisualStudioVersion = 10.0.40219.1
Project("{9A19103F-16F7-4668-BE54-9A1E7A4F7556}") = "VideoGameLibrary", "VideoGameLibrary\VideoGameLibrary.csproj", "{BBDE2CFC-A74E-4D0F-8C19-8C22B860F0E2}"
EndProject
Global
	GlobalSection(SolutionConfigurationPlatforms) = preSolution
		Debug|Any CPU = Debug|Any CPU
		Release|Any CPU = Release|Any CPU
	EndGlobalSection
	GlobalSection(ProjectConfigurationPlatforms) = postSolution
		{BBDE2CFC-A74E-4D0F-8C19-8C22B860F0E2}.Debug|Any CPU.ActiveCfg = Debug|Any CPU
		{BBDE2CFC-A74E-4D0F-8C19-8C22B860F0E2}.Debug|Any CPU.Build.0 = Debug|Any CPU
		{BBDE2CFC-A74E-4D0F-8C19-8C22B860F0E2}.Release|Any CPU.ActiveCfg = Release|Any CPU
		{BBDE2CFC-A74E-4D0F-8C19-8C22B860F0E2}.Release|Any CPU.Build.0 = Release|Any CPU
	EndGlobalSection
	GlobalSection(SolutionProperties) = preSolution
		HideSolutionNode = FALSE
	EndGlobalSection
	GlobalSection(ExtensibilityGlobals) = postSolution
		SolutionGuid = {0B72BFF1-AF5E-48A1-ACC7-812217D02CAC}
	EndGlobalSection
EndGlobal
